
Microsoft Visual Studio Solution File, Format Version 12.00
# Visual Studio 2012
Project("{FAE04EC0-301F-11D3-BF4B-00C04F79EFBC}") = "Lanchonete", "Lanchonete\Lanchonete.csproj", "{C492ACE4-459A-4DD8-B9BE-429BB3C3CBE6}"
EndProject
Project("{FAE04EC0-301F-11D3-BF4B-00C04F79EFBC}") = "Lanchonete.Tests", "Lanchonete.Tests\Lanchonete.Tests.csproj", "{3F136A09-5201-41E8-8C51-98FA2E1333A3}"
EndProject
Global
	GlobalSection(SolutionConfigurationPlatforms) = preSolution
		Debug|Any CPU = Debug|Any CPU
		Release|Any CPU = Release|Any CPU
	EndGlobalSection
	GlobalSection(ProjectConfigurationPlatforms) = postSolution
		{C492ACE4-459A-4DD8-B9BE-429BB3C3CBE6}.Debug|Any CPU.ActiveCfg = Debug|Any CPU
		{C492ACE4-459A-4DD8-B9BE-429BB3C3CBE6}.Debug|Any CPU.Build.0 = Debug|Any CPU
		{C492ACE4-459A-4DD8-B9BE-429BB3C3CBE6}.Release|Any CPU.ActiveCfg = Release|Any CPU
		{C492ACE4-459A-4DD8-B9BE-429BB3C3CBE6}.Release|Any CPU.Build.0 = Release|Any CPU
		{3F136A09-5201-41E8-8C51-98FA2E1333A3}.Debug|Any CPU.ActiveCfg = Debug|Any CPU
		{3F136A09-5201-41E8-8C51-98FA2E1333A3}.Debug|Any CPU.Build.0 = Debug|Any CPU
		{3F136A09-5201-41E8-8C51-98FA2E1333A3}.Release|Any CPU.ActiveCfg = Release|Any CPU
		{3F136A09-5201-41E8-8C51-98FA2E1333A3}.Release|Any CPU.Build.0 = Release|Any CPU
	EndGlobalSection
	GlobalSection(SolutionProperties) = preSolution
		HideSolutionNode = FALSE
	EndGlobalSection
EndGlobal
